
Microsoft Visual Studio Solution File, Format Version 12.00
# Visual Studio 15
VisualStudioVersion = 15.0.28010.2026
MinimumVisualStudioVersion = 10.0.40219.1
Project("{9A19103F-16F7-4668-BE54-9A1E7A4F7556}") = "Assembly", "src\Assembly\Assembly.csproj", "{604F4CC8-1340-403D-96B4-AF4829D280F8}"
EndProject
Project("{F5034706-568F-408A-B7B3-4D38C6DB8A32}") = "PSModule", "src\PSModule.pssproj", "{6CAFC0C6-A428-4D30-A9F9-700E829FEA51}"
EndProject
Global
	GlobalSection(SolutionConfigurationPlatforms) = preSolution
		Debug|Any CPU = Debug|Any CPU
		Release|Any CPU = Release|Any CPU
	EndGlobalSection
	GlobalSection(ProjectConfigurationPlatforms) = postSolution
		{604F4CC8-1340-403D-96B4-AF4829D280F8}.Debug|Any CPU.ActiveCfg = Debug|Any CPU
		{604F4CC8-1340-403D-96B4-AF4829D280F8}.Debug|Any CPU.Build.0 = Debug|Any CPU
		{604F4CC8-1340-403D-96B4-AF4829D280F8}.Release|Any CPU.ActiveCfg = Release|Any CPU
		{604F4CC8-1340-403D-96B4-AF4829D280F8}.Release|Any CPU.Build.0 = Release|Any CPU
		{6CAFC0C6-A428-4D30-A9F9-700E829FEA51}.Debug|Any CPU.ActiveCfg = Debug|Any CPU
		{6CAFC0C6-A428-4D30-A9F9-700E829FEA51}.Debug|Any CPU.Build.0 = Debug|Any CPU
		{6CAFC0C6-A428-4D30-A9F9-700E829FEA51}.Release|Any CPU.ActiveCfg = Release|Any CPU
		{6CAFC0C6-A428-4D30-A9F9-700E829FEA51}.Release|Any CPU.Build.0 = Release|Any CPU
	EndGlobalSection
	GlobalSection(SolutionProperties) = preSolution
		HideSolutionNode = FALSE
	EndGlobalSection
	GlobalSection(ExtensibilityGlobals) = postSolution
		SolutionGuid = {C1F83444-BFDA-4F98-B96D-5690BAB02BC8}
	EndGlobalSection
EndGlobal
